// !$*UTF8*$!
{
	archiveVersion = 1;
	classes = {
	};
	objectVersion = 48;
	objects = {

/* Begin PBXBuildFile section */
		3964F8E2287E91BD8127FF19 /* Pods_ReactiveSample.framework in Frameworks */ = {isa = PBXBuildFile; fileRef = E0FF9F25B6883DD8136699B7 /* Pods_ReactiveSample.framework */; };
		8800FD3A1FFDE0870009AA85 /* FormValidatorViewController.swift in Sources */ = {isa = PBXBuildFile; fileRef = 8800FD391FFDE0870009AA85 /* FormValidatorViewController.swift */; };
		880DA9D41FF96D3400BE81C8 /* ReactMenuViewController.swift in Sources */ = {isa = PBXBuildFile; fileRef = 880DA9D31FF96D3400BE81C8 /* ReactMenuViewController.swift */; };
		8836F5A51FFEC11D00E0E40E /* ImageCollectionViewController.swift in Sources */ = {isa = PBXBuildFile; fileRef = 8836F5A41FFEC11D00E0E40E /* ImageCollectionViewController.swift */; };
		8836F5A91FFEC83E00E0E40E /* ImageCollectionInfo.swift in Sources */ = {isa = PBXBuildFile; fileRef = 8836F5A81FFEC83E00E0E40E /* ImageCollectionInfo.swift */; };
		8836F5AB1FFECC8300E0E40E /* ImageCollectionViewCell.swift in Sources */ = {isa = PBXBuildFile; fileRef = 8836F5AA1FFECC8300E0E40E /* ImageCollectionViewCell.swift */; };
		883C6C831FF7396D006955CD /* AppDelegate.swift in Sources */ = {isa = PBXBuildFile; fileRef = 883C6C821FF7396D006955CD /* AppDelegate.swift */; };
		883C6C851FF7396D006955CD /* TwitterFormViewController.swift in Sources */ = {isa = PBXBuildFile; fileRef = 883C6C841FF7396D006955CD /* TwitterFormViewController.swift */; };
		883C6C881FF7396D006955CD /* Main.storyboard in Resources */ = {isa = PBXBuildFile; fileRef = 883C6C861FF7396D006955CD /* Main.storyboard */; };
		883C6C8A1FF7396D006955CD /* Assets.xcassets in Resources */ = {isa = PBXBuildFile; fileRef = 883C6C891FF7396D006955CD /* Assets.xcassets */; };
		883C6C8D1FF7396D006955CD /* LaunchScreen.storyboard in Resources */ = {isa = PBXBuildFile; fileRef = 883C6C8B1FF7396D006955CD /* LaunchScreen.storyboard */; };
		88F815BF1FFEED6500B41C9D /* GitHubServices.framework in Frameworks */ = {isa = PBXBuildFile; fileRef = 88F815C01FFEED6500B41C9D /* GitHubServices.framework */; };
/* End PBXBuildFile section */

/* Begin PBXFileReference section */
		5E509A48DAD1B37A35ED167C /* Pods-ReactiveSample.release.xcconfig */ = {isa = PBXFileReference; includeInIndex = 1; lastKnownFileType = text.xcconfig; name = "Pods-ReactiveSample.release.xcconfig"; path = "Pods/Target Support Files/Pods-ReactiveSample/Pods-ReactiveSample.release.xcconfig"; sourceTree = "<group>"; };
		7DB0C08CED059B1E296ECFDA /* Pods-ReactiveSample.debug.xcconfig */ = {isa = PBXFileReference; includeInIndex = 1; lastKnownFileType = text.xcconfig; name = "Pods-ReactiveSample.debug.xcconfig"; path = "Pods/Target Support Files/Pods-ReactiveSample/Pods-ReactiveSample.debug.xcconfig"; sourceTree = "<group>"; };
		8800FD391FFDE0870009AA85 /* FormValidatorViewController.swift */ = {isa = PBXFileReference; lastKnownFileType = sourcecode.swift; path = FormValidatorViewController.swift; sourceTree = "<group>"; };
		880DA9D31FF96D3400BE81C8 /* ReactMenuViewController.swift */ = {isa = PBXFileReference; lastKnownFileType = sourcecode.swift; path = ReactMenuViewController.swift; sourceTree = "<group>"; };
		8836F5A41FFEC11D00E0E40E /* ImageCollectionViewController.swift */ = {isa = PBXFileReference; lastKnownFileType = sourcecode.swift; path = ImageCollectionViewController.swift; sourceTree = "<group>"; };
		8836F5A81FFEC83E00E0E40E /* ImageCollectionInfo.swift */ = {isa = PBXFileReference; lastKnownFileType = sourcecode.swift; path = ImageCollectionInfo.swift; sourceTree = "<group>"; };
		8836F5AA1FFECC8300E0E40E /* ImageCollectionViewCell.swift */ = {isa = PBXFileReference; lastKnownFileType = sourcecode.swift; path = ImageCollectionViewCell.swift; sourceTree = "<group>"; };
		883C6C7F1FF7396D006955CD /* ReactiveSample.app */ = {isa = PBXFileReference; explicitFileType = wrapper.application; includeInIndex = 0; path = ReactiveSample.app; sourceTree = BUILT_PRODUCTS_DIR; };
		883C6C821FF7396D006955CD /* AppDelegate.swift */ = {isa = PBXFileReference; lastKnownFileType = sourcecode.swift; path = AppDelegate.swift; sourceTree = "<group>"; };
		883C6C841FF7396D006955CD /* TwitterFormViewController.swift */ = {isa = PBXFileReference; lastKnownFileType = sourcecode.swift; path = TwitterFormViewController.swift; sourceTree = "<group>"; };
		883C6C871FF7396D006955CD /* Base */ = {isa = PBXFileReference; lastKnownFileType = file.storyboard; name = Base; path = Base.lproj/Main.storyboard; sourceTree = "<group>"; };
		883C6C891FF7396D006955CD /* Assets.xcassets */ = {isa = PBXFileReference; lastKnownFileType = folder.assetcatalog; path = Assets.xcassets; sourceTree = "<group>"; };
		883C6C8C1FF7396D006955CD /* Base */ = {isa = PBXFileReference; lastKnownFileType = file.storyboard; name = Base; path = Base.lproj/LaunchScreen.storyboard; sourceTree = "<group>"; };
		883C6C8E1FF7396D006955CD /* Info.plist */ = {isa = PBXFileReference; lastKnownFileType = text.plist.xml; path = Info.plist; sourceTree = "<group>"; };
		88F815C01FFEED6500B41C9D /* GitHubServices.framework */ = {isa = PBXFileReference; explicitFileType = wrapper.framework; path = GitHubServices.framework; sourceTree = BUILT_PRODUCTS_DIR; };
		E0FF9F25B6883DD8136699B7 /* Pods_ReactiveSample.framework */ = {isa = PBXFileReference; explicitFileType = wrapper.framework; includeInIndex = 0; path = Pods_ReactiveSample.framework; sourceTree = BUILT_PRODUCTS_DIR; };
/* End PBXFileReference section */

/* Begin PBXFrameworksBuildPhase section */
		883C6C7C1FF7396D006955CD /* Frameworks */ = {
			isa = PBXFrameworksBuildPhase;
			buildActionMask = 2147483647;
			files = (
				88F815BF1FFEED6500B41C9D /* GitHubServices.framework in Frameworks */,
				3964F8E2287E91BD8127FF19 /* Pods_ReactiveSample.framework in Frameworks */,
			);
			runOnlyForDeploymentPostprocessing = 0;
		};
/* End PBXFrameworksBuildPhase section */

/* Begin PBXGroup section */
		5E9F589CC23AE1278A19D23D /* Frameworks */ = {
			isa = PBXGroup;
			children = (
				88F815C01FFEED6500B41C9D /* GitHubServices.framework */,
				E0FF9F25B6883DD8136699B7 /* Pods_ReactiveSample.framework */,
			);
			name = Frameworks;
			sourceTree = "<group>";
		};
		87279AC98221124DEE01587E /* Pods */ = {
			isa = PBXGroup;
			children = (
				7DB0C08CED059B1E296ECFDA /* Pods-ReactiveSample.debug.xcconfig */,
				5E509A48DAD1B37A35ED167C /* Pods-ReactiveSample.release.xcconfig */,
			);
			name = Pods;
			sourceTree = "<group>";
		};
		8836F59E1FFEBC9E00E0E40E /* Menu */ = {
			isa = PBXGroup;
			children = (
				880DA9D31FF96D3400BE81C8 /* ReactMenuViewController.swift */,
			);
			path = Menu;
			sourceTree = "<group>";
		};
		8836F59F1FFEBCA900E0E40E /* Twitter */ = {
			isa = PBXGroup;
			children = (
				883C6C841FF7396D006955CD /* TwitterFormViewController.swift */,
			);
			path = Twitter;
			sourceTree = "<group>";
		};
		8836F5A01FFEBCC100E0E40E /* Form */ = {
			isa = PBXGroup;
			children = (
				8800FD391FFDE0870009AA85 /* FormValidatorViewController.swift */,
			);
			path = Form;
			sourceTree = "<group>";
		};
		8836F5A11FFEBCE200E0E40E /* Storyboards */ = {
			isa = PBXGroup;
			children = (
				883C6C861FF7396D006955CD /* Main.storyboard */,
				883C6C8B1FF7396D006955CD /* LaunchScreen.storyboard */,
			);
			path = Storyboards;
			sourceTree = "<group>";
		};
		8836F5A21FFEBCFD00E0E40E /* Interface */ = {
			isa = PBXGroup;
			children = (
				883C6C891FF7396D006955CD /* Assets.xcassets */,
				8836F5A11FFEBCE200E0E40E /* Storyboards */,
			);
			path = Interface;
			sourceTree = "<group>";
		};
		8836F5A31FFEC0F500E0E40E /* ImageCollection */ = {
			isa = PBXGroup;
			children = (
				8836F5AC1FFECC8800E0E40E /* Cells */,
				8836F5A61FFEC56D00E0E40E /* Model */,
				8836F5A41FFEC11D00E0E40E /* ImageCollectionViewController.swift */,
			);
			path = ImageCollection;
			sourceTree = "<group>";
		};
		8836F5A61FFEC56D00E0E40E /* Model */ = {
			isa = PBXGroup;
			children = (
				8836F5A81FFEC83E00E0E40E /* ImageCollectionInfo.swift */,
			);
			path = Model;
			sourceTree = "<group>";
		};
		8836F5AC1FFECC8800E0E40E /* Cells */ = {
			isa = PBXGroup;
			children = (
				8836F5AA1FFECC8300E0E40E /* ImageCollectionViewCell.swift */,
			);
			path = Cells;
			sourceTree = "<group>";
		};
		883C6C761FF7396D006955CD = {
			isa = PBXGroup;
			children = (
				883C6C811FF7396D006955CD /* ReactiveSample */,
				883C6C801FF7396D006955CD /* Products */,
				87279AC98221124DEE01587E /* Pods */,
				5E9F589CC23AE1278A19D23D /* Frameworks */,
			);
			sourceTree = "<group>";
		};
		883C6C801FF7396D006955CD /* Products */ = {
			isa = PBXGroup;
			children = (
				883C6C7F1FF7396D006955CD /* ReactiveSample.app */,
			);
			name = Products;
			sourceTree = "<group>";
		};
		883C6C811FF7396D006955CD /* ReactiveSample */ = {
			isa = PBXGroup;
			children = (
				883C6C821FF7396D006955CD /* AppDelegate.swift */,
				8836F59E1FFEBC9E00E0E40E /* Menu */,
				8836F59F1FFEBCA900E0E40E /* Twitter */,
				8836F5A01FFEBCC100E0E40E /* Form */,
				8836F5A31FFEC0F500E0E40E /* ImageCollection */,
				8836F5A21FFEBCFD00E0E40E /* Interface */,
				883C6C8E1FF7396D006955CD /* Info.plist */,
			);
			path = ReactiveSample;
			sourceTree = "<group>";
		};
/* End PBXGroup section */

/* Begin PBXNativeTarget section */
		883C6C7E1FF7396D006955CD /* ReactiveSample */ = {
			isa = PBXNativeTarget;
			buildConfigurationList = 883C6C911FF7396D006955CD /* Build configuration list for PBXNativeTarget "ReactiveSample" */;
			buildPhases = (
				670C97C3B42A65D2F4EACB5F /* [CP] Check Pods Manifest.lock */,
				883C6C7B1FF7396D006955CD /* Sources */,
				883C6C7C1FF7396D006955CD /* Frameworks */,
				883C6C7D1FF7396D006955CD /* Resources */,
				7E388D9DAA8B48C1C4FF3443 /* [CP] Embed Pods Frameworks */,
				7859289361798633B6E0B595 /* [CP] Copy Pods Resources */,
			);
			buildRules = (
			);
			dependencies = (
			);
			name = ReactiveSample;
			productName = ReactiveSample;
			productReference = 883C6C7F1FF7396D006955CD /* ReactiveSample.app */;
			productType = "com.apple.product-type.application";
		};
/* End PBXNativeTarget section */

/* Begin PBXProject section */
		883C6C771FF7396D006955CD /* Project object */ = {
			isa = PBXProject;
			attributes = {
				LastSwiftUpdateCheck = 0920;
				LastUpgradeCheck = 0920;
				ORGANIZATIONNAME = TheKairuz;
				TargetAttributes = {
					883C6C7E1FF7396D006955CD = {
						CreatedOnToolsVersion = 9.2;
						ProvisioningStyle = Automatic;
					};
				};
			};
			buildConfigurationList = 883C6C7A1FF7396D006955CD /* Build configuration list for PBXProject "ReactiveSample" */;
			compatibilityVersion = "Xcode 8.0";
			developmentRegion = en;
			hasScannedForEncodings = 0;
			knownRegions = (
				en,
				Base,
			);
			mainGroup = 883C6C761FF7396D006955CD;
			productRefGroup = 883C6C801FF7396D006955CD /* Products */;
			projectDirPath = "";
			projectRoot = "";
			targets = (
				883C6C7E1FF7396D006955CD /* ReactiveSample */,
			);
		};
/* End PBXProject section */

/* Begin PBXResourcesBuildPhase section */
		883C6C7D1FF7396D006955CD /* Resources */ = {
			isa = PBXResourcesBuildPhase;
			buildActionMask = 2147483647;
			files = (
				883C6C8D1FF7396D006955CD /* LaunchScreen.storyboard in Resources */,
				883C6C8A1FF7396D006955CD /* Assets.xcassets in Resources */,
				883C6C881FF7396D006955CD /* Main.storyboard in Resources */,
			);
			runOnlyForDeploymentPostprocessing = 0;
		};
/* End PBXResourcesBuildPhase section */

/* Begin PBXShellScriptBuildPhase section */
		670C97C3B42A65D2F4EACB5F /* [CP] Check Pods Manifest.lock */ = {
			isa = PBXShellScriptBuildPhase;
			buildActionMask = 2147483647;
			files = (
			);
			inputPaths = (
				"${PODS_PODFILE_DIR_PATH}/Podfile.lock",
				"${PODS_ROOT}/Manifest.lock",
			);
			name = "[CP] Check Pods Manifest.lock";
			outputPaths = (
				"$(DERIVED_FILE_DIR)/Pods-ReactiveSample-checkManifestLockResult.txt",
			);
			runOnlyForDeploymentPostprocessing = 0;
			shellPath = /bin/sh;
			shellScript = "diff \"${PODS_PODFILE_DIR_PATH}/Podfile.lock\" \"${PODS_ROOT}/Manifest.lock\" > /dev/null\nif [ $? != 0 ] ; then\n    # print error to STDERR\n    echo \"error: The sandbox is not in sync with the Podfile.lock. Run 'pod install' or update your CocoaPods installation.\" >&2\n    exit 1\nfi\n# This output is used by Xcode 'outputs' to avoid re-running this script phase.\necho \"SUCCESS\" > \"${SCRIPT_OUTPUT_FILE_0}\"\n";
			showEnvVarsInLog = 0;
		};
		7859289361798633B6E0B595 /* [CP] Copy Pods Resources */ = {
			isa = PBXShellScriptBuildPhase;
			buildActionMask = 2147483647;
			files = (
			);
			inputPaths = (
			);
			name = "[CP] Copy Pods Resources";
			outputPaths = (
			);
			runOnlyForDeploymentPostprocessing = 0;
			shellPath = /bin/sh;
			shellScript = "\"${SRCROOT}/Pods/Target Support Files/Pods-ReactiveSample/Pods-ReactiveSample-resources.sh\"\n";
			showEnvVarsInLog = 0;
		};
		7E388D9DAA8B48C1C4FF3443 /* [CP] Embed Pods Frameworks */ = {
			isa = PBXShellScriptBuildPhase;
			buildActionMask = 2147483647;
			files = (
			);
			inputPaths = (
				"${SRCROOT}/Pods/Target Support Files/Pods-ReactiveSample/Pods-ReactiveSample-frameworks.sh",
				"${BUILT_PRODUCTS_DIR}/Alamofire/Alamofire.framework",
				"${BUILT_PRODUCTS_DIR}/Differentiator/Differentiator.framework",
				"${BUILT_PRODUCTS_DIR}/IQKeyboardManagerSwift/IQKeyboardManagerSwift.framework",
				"${BUILT_PRODUCTS_DIR}/Moya/Moya.framework",
				"${BUILT_PRODUCTS_DIR}/Result/Result.framework",
				"${BUILT_PRODUCTS_DIR}/RxCocoa/RxCocoa.framework",
				"${BUILT_PRODUCTS_DIR}/RxDataSources/RxDataSources.framework",
				"${BUILT_PRODUCTS_DIR}/RxSwift/RxSwift.framework",
				"${BUILT_PRODUCTS_DIR}/SwiftyJSON/SwiftyJSON.framework",
			);
			name = "[CP] Embed Pods Frameworks";
			outputPaths = (
				"${TARGET_BUILD_DIR}/${FRAMEWORKS_FOLDER_PATH}/Alamofire.framework",
				"${TARGET_BUILD_DIR}/${FRAMEWORKS_FOLDER_PATH}/Differentiator.framework",
				"${TARGET_BUILD_DIR}/${FRAMEWORKS_FOLDER_PATH}/IQKeyboardManagerSwift.framework",
				"${TARGET_BUILD_DIR}/${FRAMEWORKS_FOLDER_PATH}/Moya.framework",
				"${TARGET_BUILD_DIR}/${FRAMEWORKS_FOLDER_PATH}/Result.framework",
				"${TARGET_BUILD_DIR}/${FRAMEWORKS_FOLDER_PATH}/RxCocoa.framework",
				"${TARGET_BUILD_DIR}/${FRAMEWORKS_FOLDER_PATH}/RxDataSources.framework",
				"${TARGET_BUILD_DIR}/${FRAMEWORKS_FOLDER_PATH}/RxSwift.framework",
				"${TARGET_BUILD_DIR}/${FRAMEWORKS_FOLDER_PATH}/SwiftyJSON.framework",
			);
			runOnlyForDeploymentPostprocessing = 0;
			shellPath = /bin/sh;
			shellScript = "\"${SRCROOT}/Pods/Target Support Files/Pods-ReactiveSample/Pods-ReactiveSample-frameworks.sh\"\n";
			showEnvVarsInLog = 0;
		};
/* End PBXShellScriptBuildPhase section */

/* Begin PBXSourcesBuildPhase section */
		883C6C7B1FF7396D006955CD /* Sources */ = {
			isa = PBXSourcesBuildPhase;
			buildActionMask = 2147483647;
			files = (
				8836F5A51FFEC11D00E0E40E /* ImageCollectionViewController.swift in Sources */,
				883C6C851FF7396D006955CD /* TwitterFormViewController.swift in Sources */,
				880DA9D41FF96D3400BE81C8 /* ReactMenuViewController.swift in Sources */,
				8836F5AB1FFECC8300E0E40E /* ImageCollectionViewCell.swift in Sources */,
				883C6C831FF7396D006955CD /* AppDelegate.swift in Sources */,
				8800FD3A1FFDE0870009AA85 /* FormValidatorViewController.swift in Sources */,
				8836F5A91FFEC83E00E0E40E /* ImageCollectionInfo.swift in Sources */,
			);
			runOnlyForDeploymentPostprocessing = 0;
		};
/* End PBXSourcesBuildPhase section */

/* Begin PBXVariantGroup section */
		883C6C861FF7396D006955CD /* Main.storyboard */ = {
			isa = PBXVariantGroup;
			children = (
				883C6C871FF7396D006955CD /* Base */,
			);
			name = Main.storyboard;
			sourceTree = "<group>";
		};
		883C6C8B1FF7396D006955CD /* LaunchScreen.storyboard */ = {
			isa = PBXVariantGroup;
			children = (
				883C6C8C1FF7396D006955CD /* Base */,
			);
			name = LaunchScreen.storyboard;
			sourceTree = "<group>";
		};
/* End PBXVariantGroup section */

/* Begin XCBuildConfiguration section */
		883C6C8F1FF7396D006955CD /* Debug */ = {
			isa = XCBuildConfiguration;
			buildSettings = {
				ALWAYS_SEARCH_USER_PATHS = NO;
				CLANG_ANALYZER_NONNULL = YES;
				CLANG_ANALYZER_NUMBER_OBJECT_CONVERSION = YES_AGGRESSIVE;
				CLANG_CXX_LANGUAGE_STANDARD = "gnu++14";
				CLANG_CXX_LIBRARY = "libc++";
				CLANG_ENABLE_MODULES = YES;
				CLANG_ENABLE_OBJC_ARC = YES;
				CLANG_WARN_BLOCK_CAPTURE_AUTORELEASING = YES;
				CLANG_WARN_BOOL_CONVERSION = YES;
				CLANG_WARN_COMMA = YES;
				CLANG_WARN_CONSTANT_CONVERSION = YES;
				CLANG_WARN_DIRECT_OBJC_ISA_USAGE = YES_ERROR;
				CLANG_WARN_DOCUMENTATION_COMMENTS = YES;
				CLANG_WARN_EMPTY_BODY = YES;
				CLANG_WARN_ENUM_CONVERSION = YES;
				CLANG_WARN_INFINITE_RECURSION = YES;
				CLANG_WARN_INT_CONVERSION = YES;
				CLANG_WARN_NON_LITERAL_NULL_CONVERSION = YES;
				CLANG_WARN_OBJC_LITERAL_CONVERSION = YES;
				CLANG_WARN_OBJC_ROOT_CLASS = YES_ERROR;
				CLANG_WARN_RANGE_LOOP_ANALYSIS = YES;
				CLANG_WARN_STRICT_PROTOTYPES = YES;
				CLANG_WARN_SUSPICIOUS_MOVE = YES;
				CLANG_WARN_UNGUARDED_AVAILABILITY = YES_AGGRESSIVE;
				CLANG_WARN_UNREACHABLE_CODE = YES;
				CLANG_WARN__DUPLICATE_METHOD_MATCH = YES;
				CODE_SIGN_IDENTITY = "iPhone Developer";
				COPY_PHASE_STRIP = NO;
				DEBUG_INFORMATION_FORMAT = dwarf;
				ENABLE_STRICT_OBJC_MSGSEND = YES;
				ENABLE_TESTABILITY = YES;
				GCC_C_LANGUAGE_STANDARD = gnu11;
				GCC_DYNAMIC_NO_PIC = NO;
				GCC_NO_COMMON_BLOCKS = YES;
				GCC_OPTIMIZATION_LEVEL = 0;
				GCC_PREPROCESSOR_DEFINITIONS = (
					"DEBUG=1",
					"$(inherited)",
				);
				GCC_WARN_64_TO_32_BIT_CONVERSION = YES;
				GCC_WARN_ABOUT_RETURN_TYPE = YES_ERROR;
				GCC_WARN_UNDECLARED_SELECTOR = YES;
				GCC_WARN_UNINITIALIZED_AUTOS = YES_AGGRESSIVE;
				GCC_WARN_UNUSED_FUNCTION = YES;
				GCC_WARN_UNUSED_VARIABLE = YES;
				IPHONEOS_DEPLOYMENT_TARGET = 11.2;
				MTL_ENABLE_DEBUG_INFO = YES;
				ONLY_ACTIVE_ARCH = YES;
				SDKROOT = iphoneos;
				SWIFT_ACTIVE_COMPILATION_CONDITIONS = DEBUG;
				SWIFT_OPTIMIZATION_LEVEL = "-Onone";
			};
			name = Debug;
		};
		883C6C901FF7396D006955CD /* Release */ = {
			isa = XCBuildConfiguration;
			buildSettings = {
				ALWAYS_SEARCH_USER_PATHS = NO;
				CLANG_ANALYZER_NONNULL = YES;
				CLANG_ANALYZER_NUMBER_OBJECT_CONVERSION = YES_AGGRESSIVE;
				CLANG_CXX_LANGUAGE_STANDARD = "gnu++14";
				CLANG_CXX_LIBRARY = "libc++";
				CLANG_ENABLE_MODULES = YES;
				CLANG_ENABLE_OBJC_ARC = YES;
				CLANG_WARN_BLOCK_CAPTURE_AUTORELEASING = YES;
				CLANG_WARN_BOOL_CONVERSION = YES;
				CLANG_WARN_COMMA = YES;
				CLANG_WARN_CONSTANT_CONVERSION = YES;
				CLANG_WARN_DIRECT_OBJC_ISA_USAGE = YES_ERROR;
				CLANG_WARN_DOCUMENTATION_COMMENTS = YES;
				CLANG_WARN_EMPTY_BODY = YES;
				CLANG_WARN_ENUM_CONVERSION = YES;
				CLANG_WARN_INFINITE_RECURSION = YES;
				CLANG_WARN_INT_CONVERSION = YES;
				CLANG_WARN_NON_LITERAL_NULL_CONVERSION = YES;
				CLANG_WARN_OBJC_LITERAL_CONVERSION = YES;
				CLANG_WARN_OBJC_ROOT_CLASS = YES_ERROR;
				CLANG_WARN_RANGE_LOOP_ANALYSIS = YES;
				CLANG_WARN_STRICT_PROTOTYPES = YES;
				CLANG_WARN_SUSPICIOUS_MOVE = YES;
				CLANG_WARN_UNGUARDED_AVAILABILITY = YES_AGGRESSIVE;
				CLANG_WARN_UNREACHABLE_CODE = YES;
				CLANG_WARN__DUPLICATE_METHOD_MATCH = YES;
				CODE_SIGN_IDENTITY = "iPhone Developer";
				COPY_PHASE_STRIP = NO;
				DEBUG_INFORMATION_FORMAT = "dwarf-with-dsym";
				ENABLE_NS_ASSERTIONS = NO;
				ENABLE_STRICT_OBJC_MSGSEND = YES;
				GCC_C_LANGUAGE_STANDARD = gnu11;
				GCC_NO_COMMON_BLOCKS = YES;
				GCC_WARN_64_TO_32_BIT_CONVERSION = YES;
				GCC_WARN_ABOUT_RETURN_TYPE = YES_ERROR;
				GCC_WARN_UNDECLARED_SELECTOR = YES;
				GCC_WARN_UNINITIALIZED_AUTOS = YES_AGGRESSIVE;
				GCC_WARN_UNUSED_FUNCTION = YES;
				GCC_WARN_UNUSED_VARIABLE = YES;
				IPHONEOS_DEPLOYMENT_TARGET = 11.2;
				MTL_ENABLE_DEBUG_INFO = NO;
				SDKROOT = iphoneos;
				SWIFT_OPTIMIZATION_LEVEL = "-Owholemodule";
				VALIDATE_PRODUCT = YES;
			};
			name = Release;
		};
		883C6C921FF7396D006955CD /* Debug */ = {
			isa = XCBuildConfiguration;
			baseConfigurationReference = 7DB0C08CED059B1E296ECFDA /* Pods-ReactiveSample.debug.xcconfig */;
			buildSettings = {
				ASSETCATALOG_COMPILER_APPICON_NAME = AppIcon;
				CODE_SIGN_STYLE = Automatic;
				INFOPLIST_FILE = ReactiveSample/Info.plist;
				LD_RUNPATH_SEARCH_PATHS = "$(inherited) @executable_path/Frameworks";
				PRODUCT_BUNDLE_IDENTIFIER = com.thekairuz.ReactiveSample;
				PRODUCT_NAME = "$(TARGET_NAME)";
				SWIFT_VERSION = 4.0;
				TARGETED_DEVICE_FAMILY = "1,2";
			};
			name = Debug;
		};
		883C6C931FF7396D006955CD /* Release */ = {
			isa = XCBuildConfiguration;
			baseConfigurationReference = 5E509A48DAD1B37A35ED167C /* Pods-ReactiveSample.release.xcconfig */;
			buildSettings = {
				ASSETCATALOG_COMPILER_APPICON_NAME = AppIcon;
				CODE_SIGN_STYLE = Automatic;
				INFOPLIST_FILE = ReactiveSample/Info.plist;
				LD_RUNPATH_SEARCH_PATHS = "$(inherited) @executable_path/Frameworks";
				PRODUCT_BUNDLE_IDENTIFIER = com.thekairuz.ReactiveSample;
				PRODUCT_NAME = "$(TARGET_NAME)";
				SWIFT_VERSION = 4.0;
				TARGETED_DEVICE_FAMILY = "1,2";
			};
			name = Release;
		};
/* End XCBuildConfiguration section */

/* Begin XCConfigurationList section */
		883C6C7A1FF7396D006955CD /* Build configuration list for PBXProject "ReactiveSample" */ = {
			isa = XCConfigurationList;
			buildConfigurations = (
				883C6C8F1FF7396D006955CD /* Debug */,
				883C6C901FF7396D006955CD /* Release */,
			);
			defaultConfigurationIsVisible = 0;
			defaultConfigurationName = Release;
		};
		883C6C911FF7396D006955CD /* Build configuration list for PBXNativeTarget "ReactiveSample" */ = {
			isa = XCConfigurationList;
			buildConfigurations = (
				883C6C921FF7396D006955CD /* Debug */,
				883C6C931FF7396D006955CD /* Release */,
			);
			defaultConfigurationIsVisible = 0;
			defaultConfigurationName = Release;
		};
/* End XCConfigurationList section */
	};
	rootObject = 883C6C771FF7396D006955CD /* Project object */;
}
